{
  "requires": true,
  "lockfileVersion": 1,
  "dependencies": {
    "@types/gapi": {
      "version": "0.0.39",
      "resolved": "https://registry.npmjs.org/@types/gapi/-/gapi-0.0.39.tgz",
      "integrity": "sha512-R1TZeZbvvbIC60DBJMhuOEivQHzOQtzl3uMDOOENTYQTSSDB6oEMpJo8HVPOTWivdUTbyEcB5qQOVr/JCKRlCQ=="
    },
    "@types/gapi.auth2": {
      "version": "0.0.52",
      "resolved": "https://registry.npmjs.org/@types/gapi.auth2/-/gapi.auth2-0.0.52.tgz",
      "integrity": "sha512-Q9OEsiLXQ3fWv93voIDr4tXpiO0zNFx2RPK+9wj21LY3ydyx/CtoXQgbf+6iNSTuyHUDF4J/c74maKghtPbbaA==",
      "requires": {
        "@types/gapi": "*"
      }
    },
    "angularx-social-login": {
      "version": "2.3.1",
      "resolved": "https://registry.npmjs.org/angularx-social-login/-/angularx-social-login-2.3.1.tgz",
      "integrity": "sha512-U0bf7ZdtB2oQicSMTzx9VEMEcW5gxo/Bb2dKWNTt5Tf0GANj89tf1rTF2YsSOHZbLPOdvtHXim+nARF7UCAjVg=="
    }
  }
}
